
Microsoft Visual Studio Solution File, Format Version 12.00
# Visual Studio Version 17
VisualStudioVersion = 17.1.32210.238
MinimumVisualStudioVersion = 10.0.40219.1
Project("{9A19103F-16F7-4668-BE54-9A1E7A4F7556}") = "01. Count Real Numbers", "01. Count Real Numbers\01. Count Real Numbers.csproj", "{0D801CEA-2EB1-406C-973C-FE90E4AD8DCE}"
EndProject
Project("{9A19103F-16F7-4668-BE54-9A1E7A4F7556}") = "02. Odd Occurrences", "02. Odd Occurrences\02. Odd Occurrences.csproj", "{942095F9-FBA5-43B2-8802-BAA73F3D41C8}"
EndProject
Project("{9A19103F-16F7-4668-BE54-9A1E7A4F7556}") = "03. Word Synonyms", "03. Word Synonyms\03. Word Synonyms.csproj", "{75EF572B-A403-47E4-ABE9-12F3F83D6A4A}"
EndProject
Project("{FAE04EC0-301F-11D3-BF4B-00C04F79EFBC}") = "04. Word Filter", "04. Word Filter\04. Word Filter.csproj", "{5AF540D3-2184-4BC0-8A42-E06F6C392610}"
EndProject
Global
	GlobalSection(SolutionConfigurationPlatforms) = preSolution
		Debug|Any CPU = Debug|Any CPU
		Release|Any CPU = Release|Any CPU
	EndGlobalSection
	GlobalSection(ProjectConfigurationPlatforms) = postSolution
		{0D801CEA-2EB1-406C-973C-FE90E4AD8DCE}.Debug|Any CPU.ActiveCfg = Debug|Any CPU
		{0D801CEA-2EB1-406C-973C-FE90E4AD8DCE}.Debug|Any CPU.Build.0 = Debug|Any CPU
		{0D801CEA-2EB1-406C-973C-FE90E4AD8DCE}.Release|Any CPU.ActiveCfg = Release|Any CPU
		{0D801CEA-2EB1-406C-973C-FE90E4AD8DCE}.Release|Any CPU.Build.0 = Release|Any CPU
		{942095F9-FBA5-43B2-8802-BAA73F3D41C8}.Debug|Any CPU.ActiveCfg = Debug|Any CPU
		{942095F9-FBA5-43B2-8802-BAA73F3D41C8}.Debug|Any CPU.Build.0 = Debug|Any CPU
		{942095F9-FBA5-43B2-8802-BAA73F3D41C8}.Release|Any CPU.ActiveCfg = Release|Any CPU
		{942095F9-FBA5-43B2-8802-BAA73F3D41C8}.Release|Any CPU.Build.0 = Release|Any CPU
		{75EF572B-A403-47E4-ABE9-12F3F83D6A4A}.Debug|Any CPU.ActiveCfg = Debug|Any CPU
		{75EF572B-A403-47E4-ABE9-12F3F83D6A4A}.Debug|Any CPU.Build.0 = Debug|Any CPU
		{75EF572B-A403-47E4-ABE9-12F3F83D6A4A}.Release|Any CPU.ActiveCfg = Release|Any CPU
		{75EF572B-A403-47E4-ABE9-12F3F83D6A4A}.Release|Any CPU.Build.0 = Release|Any CPU
		{5AF540D3-2184-4BC0-8A42-E06F6C392610}.Debug|Any CPU.ActiveCfg = Debug|Any CPU
		{5AF540D3-2184-4BC0-8A42-E06F6C392610}.Debug|Any CPU.Build.0 = Debug|Any CPU
		{5AF540D3-2184-4BC0-8A42-E06F6C392610}.Release|Any CPU.ActiveCfg = Release|Any CPU
		{5AF540D3-2184-4BC0-8A42-E06F6C392610}.Release|Any CPU.Build.0 = Release|Any CPU
	EndGlobalSection
	GlobalSection(SolutionProperties) = preSolution
		HideSolutionNode = FALSE
	EndGlobalSection
	GlobalSection(ExtensibilityGlobals) = postSolution
		SolutionGuid = {FC6E23FC-B925-46E4-B8BA-94C67606DE1D}
	EndGlobalSection
EndGlobal
