
Microsoft Visual Studio Solution File, Format Version 12.00
# Visual Studio Version 17
VisualStudioVersion = 17.1.32210.238
MinimumVisualStudioVersion = 10.0.40219.1
Project("{9A19103F-16F7-4668-BE54-9A1E7A4F7556}") = "01. Encrypt, Sort and Print Array", "01. Encrypt, Sort and Print Array\01. Encrypt, Sort and Print Array.csproj", "{0BE612C4-E0F6-49BB-9F7B-21143503E76D}"
EndProject
Project("{FAE04EC0-301F-11D3-BF4B-00C04F79EFBC}") = "02. Pascal Triangle", "02. Pascal Triangle\02. Pascal Triangle.csproj", "{878BA9B3-C008-4D22-8692-BBF6FD6AF4BD}"
EndProject
Global
	GlobalSection(SolutionConfigurationPlatforms) = preSolution
		Debug|Any CPU = Debug|Any CPU
		Release|Any CPU = Release|Any CPU
	EndGlobalSection
	GlobalSection(ProjectConfigurationPlatforms) = postSolution
		{0BE612C4-E0F6-49BB-9F7B-21143503E76D}.Debug|Any CPU.ActiveCfg = Debug|Any CPU
		{0BE612C4-E0F6-49BB-9F7B-21143503E76D}.Debug|Any CPU.Build.0 = Debug|Any CPU
		{0BE612C4-E0F6-49BB-9F7B-21143503E76D}.Release|Any CPU.ActiveCfg = Release|Any CPU
		{0BE612C4-E0F6-49BB-9F7B-21143503E76D}.Release|Any CPU.Build.0 = Release|Any CPU
		{878BA9B3-C008-4D22-8692-BBF6FD6AF4BD}.Debug|Any CPU.ActiveCfg = Debug|Any CPU
		{878BA9B3-C008-4D22-8692-BBF6FD6AF4BD}.Debug|Any CPU.Build.0 = Debug|Any CPU
		{878BA9B3-C008-4D22-8692-BBF6FD6AF4BD}.Release|Any CPU.ActiveCfg = Release|Any CPU
		{878BA9B3-C008-4D22-8692-BBF6FD6AF4BD}.Release|Any CPU.Build.0 = Release|Any CPU
	EndGlobalSection
	GlobalSection(SolutionProperties) = preSolution
		HideSolutionNode = FALSE
	EndGlobalSection
	GlobalSection(ExtensibilityGlobals) = postSolution
		SolutionGuid = {88429919-C324-40EE-97A6-3C946F017B36}
	EndGlobalSection
EndGlobal
