
Microsoft Visual Studio Solution File, Format Version 12.00
# Visual Studio Version 17
VisualStudioVersion = 17.2.32602.215
MinimumVisualStudioVersion = 10.0.40219.1
Project("{9A19103F-16F7-4668-BE54-9A1E7A4F7556}") = "01. Command Pattern", "01. Command Pattern\01. Command Pattern.csproj", "{308599C0-818F-4409-8472-146072F4B3F9}"
EndProject
Project("{9A19103F-16F7-4668-BE54-9A1E7A4F7556}") = "02. Validation Attributes", "02. Validation Attributes\02. Validation Attributes.csproj", "{A1DF8807-F52C-40C4-A343-3AC7E42560B0}"
EndProject
Global
	GlobalSection(SolutionConfigurationPlatforms) = preSolution
		Debug|Any CPU = Debug|Any CPU
		Release|Any CPU = Release|Any CPU
	EndGlobalSection
	GlobalSection(ProjectConfigurationPlatforms) = postSolution
		{308599C0-818F-4409-8472-146072F4B3F9}.Debug|Any CPU.ActiveCfg = Debug|Any CPU
		{308599C0-818F-4409-8472-146072F4B3F9}.Debug|Any CPU.Build.0 = Debug|Any CPU
		{308599C0-818F-4409-8472-146072F4B3F9}.Release|Any CPU.ActiveCfg = Release|Any CPU
		{308599C0-818F-4409-8472-146072F4B3F9}.Release|Any CPU.Build.0 = Release|Any CPU
		{A1DF8807-F52C-40C4-A343-3AC7E42560B0}.Debug|Any CPU.ActiveCfg = Debug|Any CPU
		{A1DF8807-F52C-40C4-A343-3AC7E42560B0}.Debug|Any CPU.Build.0 = Debug|Any CPU
		{A1DF8807-F52C-40C4-A343-3AC7E42560B0}.Release|Any CPU.ActiveCfg = Release|Any CPU
		{A1DF8807-F52C-40C4-A343-3AC7E42560B0}.Release|Any CPU.Build.0 = Release|Any CPU
	EndGlobalSection
	GlobalSection(SolutionProperties) = preSolution
		HideSolutionNode = FALSE
	EndGlobalSection
	GlobalSection(ExtensibilityGlobals) = postSolution
		SolutionGuid = {37CC7652-AE77-4CD5-8119-BEC57F31DF9F}
	EndGlobalSection
EndGlobal
