
Microsoft Visual Studio Solution File, Format Version 12.00
# Visual Studio Version 17
VisualStudioVersion = 17.2.32602.215
MinimumVisualStudioVersion = 10.0.40219.1
Project("{9A19103F-16F7-4668-BE54-9A1E7A4F7556}") = "01. Vehicles", "01. Vehicles\01. Vehicles.csproj", "{6AF69967-A8D9-4613-AD8D-B41AF92419B5}"
EndProject
Project("{9A19103F-16F7-4668-BE54-9A1E7A4F7556}") = "02. Vehicles Extension", "02. Vehicles Extension\02. Vehicles Extension.csproj", "{320D366F-3767-4A96-8F28-1194A54C4D48}"
EndProject
Project("{9A19103F-16F7-4668-BE54-9A1E7A4F7556}") = "03. Raiding", "03. Raiding\03. Raiding.csproj", "{6992449B-48B8-42C0-A6CC-486107BE34FA}"
EndProject
Project("{FAE04EC0-301F-11D3-BF4B-00C04F79EFBC}") = "04. Wild Farm", "04. Wild Farm\04. Wild Farm.csproj", "{32B2EE2D-D5D4-4958-99C2-A59314CC2670}"
EndProject
Global
	GlobalSection(SolutionConfigurationPlatforms) = preSolution
		Debug|Any CPU = Debug|Any CPU
		Release|Any CPU = Release|Any CPU
	EndGlobalSection
	GlobalSection(ProjectConfigurationPlatforms) = postSolution
		{6AF69967-A8D9-4613-AD8D-B41AF92419B5}.Debug|Any CPU.ActiveCfg = Debug|Any CPU
		{6AF69967-A8D9-4613-AD8D-B41AF92419B5}.Debug|Any CPU.Build.0 = Debug|Any CPU
		{6AF69967-A8D9-4613-AD8D-B41AF92419B5}.Release|Any CPU.ActiveCfg = Release|Any CPU
		{6AF69967-A8D9-4613-AD8D-B41AF92419B5}.Release|Any CPU.Build.0 = Release|Any CPU
		{320D366F-3767-4A96-8F28-1194A54C4D48}.Debug|Any CPU.ActiveCfg = Debug|Any CPU
		{320D366F-3767-4A96-8F28-1194A54C4D48}.Debug|Any CPU.Build.0 = Debug|Any CPU
		{320D366F-3767-4A96-8F28-1194A54C4D48}.Release|Any CPU.ActiveCfg = Release|Any CPU
		{320D366F-3767-4A96-8F28-1194A54C4D48}.Release|Any CPU.Build.0 = Release|Any CPU
		{6992449B-48B8-42C0-A6CC-486107BE34FA}.Debug|Any CPU.ActiveCfg = Debug|Any CPU
		{6992449B-48B8-42C0-A6CC-486107BE34FA}.Debug|Any CPU.Build.0 = Debug|Any CPU
		{6992449B-48B8-42C0-A6CC-486107BE34FA}.Release|Any CPU.ActiveCfg = Release|Any CPU
		{6992449B-48B8-42C0-A6CC-486107BE34FA}.Release|Any CPU.Build.0 = Release|Any CPU
		{32B2EE2D-D5D4-4958-99C2-A59314CC2670}.Debug|Any CPU.ActiveCfg = Debug|Any CPU
		{32B2EE2D-D5D4-4958-99C2-A59314CC2670}.Debug|Any CPU.Build.0 = Debug|Any CPU
		{32B2EE2D-D5D4-4958-99C2-A59314CC2670}.Release|Any CPU.ActiveCfg = Release|Any CPU
		{32B2EE2D-D5D4-4958-99C2-A59314CC2670}.Release|Any CPU.Build.0 = Release|Any CPU
	EndGlobalSection
	GlobalSection(SolutionProperties) = preSolution
		HideSolutionNode = FALSE
	EndGlobalSection
	GlobalSection(ExtensibilityGlobals) = postSolution
		SolutionGuid = {3E1485E9-C939-4842-A409-7A9F060FFD49}
	EndGlobalSection
EndGlobal
