
Microsoft Visual Studio Solution File, Format Version 12.00
# Visual Studio Version 17
VisualStudioVersion = 17.2.32602.215
MinimumVisualStudioVersion = 10.0.40219.1
Project("{9A19103F-16F7-4668-BE54-9A1E7A4F7556}") = "01. Persons", "01. Persons\01. Persons.csproj", "{82B49FBC-EB4F-4A4E-B813-A16E8A8B03A9}"
EndProject
Project("{9A19103F-16F7-4668-BE54-9A1E7A4F7556}") = "02. Salary", "02. Salary\02. Salary.csproj", "{61BBB263-3062-4120-A758-1BB8286E22C7}"
EndProject
Project("{9A19103F-16F7-4668-BE54-9A1E7A4F7556}") = "03. Validation", "03. Validation\03. Validation.csproj", "{4DFD39A6-A21E-421C-9BDE-EBF140794610}"
EndProject
Project("{FAE04EC0-301F-11D3-BF4B-00C04F79EFBC}") = "04. Team", "04. Team\04. Team.csproj", "{2C269736-5A78-439E-BE50-2711FAE190E0}"
EndProject
Global
	GlobalSection(SolutionConfigurationPlatforms) = preSolution
		Debug|Any CPU = Debug|Any CPU
		Release|Any CPU = Release|Any CPU
	EndGlobalSection
	GlobalSection(ProjectConfigurationPlatforms) = postSolution
		{82B49FBC-EB4F-4A4E-B813-A16E8A8B03A9}.Debug|Any CPU.ActiveCfg = Debug|Any CPU
		{82B49FBC-EB4F-4A4E-B813-A16E8A8B03A9}.Debug|Any CPU.Build.0 = Debug|Any CPU
		{82B49FBC-EB4F-4A4E-B813-A16E8A8B03A9}.Release|Any CPU.ActiveCfg = Release|Any CPU
		{82B49FBC-EB4F-4A4E-B813-A16E8A8B03A9}.Release|Any CPU.Build.0 = Release|Any CPU
		{61BBB263-3062-4120-A758-1BB8286E22C7}.Debug|Any CPU.ActiveCfg = Debug|Any CPU
		{61BBB263-3062-4120-A758-1BB8286E22C7}.Debug|Any CPU.Build.0 = Debug|Any CPU
		{61BBB263-3062-4120-A758-1BB8286E22C7}.Release|Any CPU.ActiveCfg = Release|Any CPU
		{61BBB263-3062-4120-A758-1BB8286E22C7}.Release|Any CPU.Build.0 = Release|Any CPU
		{4DFD39A6-A21E-421C-9BDE-EBF140794610}.Debug|Any CPU.ActiveCfg = Debug|Any CPU
		{4DFD39A6-A21E-421C-9BDE-EBF140794610}.Debug|Any CPU.Build.0 = Debug|Any CPU
		{4DFD39A6-A21E-421C-9BDE-EBF140794610}.Release|Any CPU.ActiveCfg = Release|Any CPU
		{4DFD39A6-A21E-421C-9BDE-EBF140794610}.Release|Any CPU.Build.0 = Release|Any CPU
		{2C269736-5A78-439E-BE50-2711FAE190E0}.Debug|Any CPU.ActiveCfg = Debug|Any CPU
		{2C269736-5A78-439E-BE50-2711FAE190E0}.Debug|Any CPU.Build.0 = Debug|Any CPU
		{2C269736-5A78-439E-BE50-2711FAE190E0}.Release|Any CPU.ActiveCfg = Release|Any CPU
		{2C269736-5A78-439E-BE50-2711FAE190E0}.Release|Any CPU.Build.0 = Release|Any CPU
	EndGlobalSection
	GlobalSection(SolutionProperties) = preSolution
		HideSolutionNode = FALSE
	EndGlobalSection
	GlobalSection(ExtensibilityGlobals) = postSolution
		SolutionGuid = {B3DB7531-8BA0-429F-94C7-660CCC81130C}
	EndGlobalSection
EndGlobal
